
Microsoft Visual Studio Solution File, Format Version 12.00
# Visual Studio Version 16
VisualStudioVersion = 16.0.32413.511
MinimumVisualStudioVersion = 10.0.40219.1
Project("{FAE04EC0-301F-11D3-BF4B-00C04F79EFBC}") = "FieldsToValues", "FieldsToValues\FieldsToValues.csproj", "{695E66CF-AED2-4005-B3F5-55FDE8D73BF0}"
EndProject
Global
	GlobalSection(SolutionConfigurationPlatforms) = preSolution
		Debug|Any CPU = Debug|Any CPU
		Release|Any CPU = Release|Any CPU
	EndGlobalSection
	GlobalSection(ProjectConfigurationPlatforms) = postSolution
		{695E66CF-AED2-4005-B3F5-55FDE8D73BF0}.Debug|Any CPU.ActiveCfg = Debug|Any CPU
		{695E66CF-AED2-4005-B3F5-55FDE8D73BF0}.Debug|Any CPU.Build.0 = Debug|Any CPU
		{695E66CF-AED2-4005-B3F5-55FDE8D73BF0}.Release|Any CPU.ActiveCfg = Release|Any CPU
		{695E66CF-AED2-4005-B3F5-55FDE8D73BF0}.Release|Any CPU.Build.0 = Release|Any CPU
	EndGlobalSection
	GlobalSection(SolutionProperties) = preSolution
		HideSolutionNode = FALSE
	EndGlobalSection
	GlobalSection(ExtensibilityGlobals) = postSolution
		SolutionGuid = {F066613F-7C81-435D-B88E-7DFA4F710070}
	EndGlobalSection
EndGlobal
